# This file is automatically @generated by Poetry and should not be changed by hand.

[[package]]
name = "attrs"
version = "22.2.0"
description = "Classes Without Boilerplate"
category = "main"
optional = false
python-versions = ">=3.6"
files = [
    {file = "attrs-22.2.0-py3-none-any.whl", hash = "sha256:29e95c7f6778868dbd49170f98f8818f78f3dc5e0e37c0b1f474e3561b240836"},
    {file = "attrs-22.2.0.tar.gz", hash = "sha256:c9227bfc2f01993c03f68db37d1d15c9690188323c067c641f1a35ca58185f99"},
]

[package.extras]
cov = ["attrs[tests]", "coverage-enable-subprocess", "coverage[toml] (>=5.3)"]
dev = ["attrs[docs,tests]"]
docs = ["furo", "myst-parser", "sphinx", "sphinx-notfound-page", "sphinxcontrib-towncrier", "towncrier", "zope.interface"]
tests = ["attrs[tests-no-zope]", "zope.interface"]
tests-no-zope = ["cloudpickle", "cloudpickle", "hypothesis", "hypothesis", "mypy (>=0.971,<0.990)", "mypy (>=0.971,<0.990)", "pympler", "pympler", "pytest (>=4.3.0)", "pytest (>=4.3.0)", "pytest-mypy-plugins", "pytest-mypy-plugins", "pytest-xdist[psutil]", "pytest-xdist[psutil]"]

[[package]]
name = "colorama"
version = "0.4.6"
description = "Cross-platform colored terminal text."
category = "main"
optional = false
python-versions = "!=3.0.*,!=3.1.*,!=3.2.*,!=3.3.*,!=3.4.*,!=3.5.*,!=3.6.*,>=2.7"
files = [
    {file = "colorama-0.4.6-py2.py3-none-any.whl", hash = "sha256:4f1d9991f5acc0ca119f9d443620b77f9d6b33703e51011c16baf57afb285fc6"},
    {file = "colorama-0.4.6.tar.gz", hash = "sha256:08695f5cb7ed6e0531a20572697297273c47b8cae5a63ffc6d6ed5c201be6e44"},
]

[[package]]
name = "exceptiongroup"
version = "1.1.0"
description = "Backport of PEP 654 (exception groups)"
category = "main"
optional = false
python-versions = ">=3.7"
files = [
    {file = "exceptiongroup-1.1.0-py3-none-any.whl", hash = "sha256:327cbda3da756e2de031a3107b81ab7b3770a602c4d16ca618298c526f4bec1e"},
    {file = "exceptiongroup-1.1.0.tar.gz", hash = "sha256:bcb67d800a4497e1b404c2dd44fca47d3b7a5e5433dbab67f96c1a685cdfdf23"},
]

[package.extras]
test = ["pytest (>=6)"]

[[package]]
name = "iniconfig"
version = "2.0.0"
description = "brain-dead simple config-ini parsing"
category = "main"
optional = false
python-versions = ">=3.7"
files = [
    {file = "iniconfig-2.0.0-py3-none-any.whl", hash = "sha256:b6a85871a79d2e3b22d2d1b94ac2824226a63c6b741c88f7ae975f18b6778374"},
    {file = "iniconfig-2.0.0.tar.gz", hash = "sha256:2d91e135bf72d31a410b17c16da610a82cb55f6b0477d1a902134b24a455b8b3"},
]

[[package]]
name = "numpy"
version = "1.24.2"
description = "Fundamental package for array computing in Python"
category = "main"
optional = false
python-versions = ">=3.8"
files = [
    {file = "numpy-1.24.2-cp310-cp310-macosx_10_9_x86_64.whl", hash = "sha256:eef70b4fc1e872ebddc38cddacc87c19a3709c0e3e5d20bf3954c147b1dd941d"},
    {file = "numpy-1.24.2-cp310-cp310-macosx_11_0_arm64.whl", hash = "sha256:e8d2859428712785e8a8b7d2b3ef0a1d1565892367b32f915c4a4df44d0e64f5"},
    {file = "numpy-1.24.2-cp310-cp310-manylinux_2_17_aarch64.manylinux2014_aarch64.whl", hash = "sha256:6524630f71631be2dabe0c541e7675db82651eb998496bbe16bc4f77f0772253"},
    {file = "numpy-1.24.2-cp310-cp310-manylinux_2_17_x86_64.manylinux2014_x86_64.whl", hash = "sha256:a51725a815a6188c662fb66fb32077709a9ca38053f0274640293a14fdd22978"},
    {file = "numpy-1.24.2-cp310-cp310-win32.whl", hash = "sha256:2620e8592136e073bd12ee4536149380695fbe9ebeae845b81237f986479ffc9"},
    {file = "numpy-1.24.2-cp310-cp310-win_amd64.whl", hash = "sha256:97cf27e51fa078078c649a51d7ade3c92d9e709ba2bfb97493007103c741f1d0"},
    {file = "numpy-1.24.2-cp311-cp311-macosx_10_9_x86_64.whl", hash = "sha256:7de8fdde0003f4294655aa5d5f0a89c26b9f22c0a58790c38fae1ed392d44a5a"},
    {file = "numpy-1.24.2-cp311-cp311-macosx_11_0_arm64.whl", hash = "sha256:4173bde9fa2a005c2c6e2ea8ac1618e2ed2c1c6ec8a7657237854d42094123a0"},
    {file = "numpy-1.24.2-cp311-cp311-manylinux_2_17_aarch64.manylinux2014_aarch64.whl", hash = "sha256:4cecaed30dc14123020f77b03601559fff3e6cd0c048f8b5289f4eeabb0eb281"},
    {file = "numpy-1.24.2-cp311-cp311-manylinux_2_17_x86_64.manylinux2014_x86_64.whl", hash = "sha256:9a23f8440561a633204a67fb44617ce2a299beecf3295f0d13c495518908e910"},
    {file = "numpy-1.24.2-cp311-cp311-win32.whl", hash = "sha256:e428c4fbfa085f947b536706a2fc349245d7baa8334f0c5723c56a10595f9b95"},
    {file = "numpy-1.24.2-cp311-cp311-win_amd64.whl", hash = "sha256:557d42778a6869c2162deb40ad82612645e21d79e11c1dc62c6e82a2220ffb04"},
    {file = "numpy-1.24.2-cp38-cp38-macosx_10_9_x86_64.whl", hash = "sha256:d0a2db9d20117bf523dde15858398e7c0858aadca7c0f088ac0d6edd360e9ad2"},
    {file = "numpy-1.24.2-cp38-cp38-macosx_11_0_arm64.whl", hash = "sha256:c72a6b2f4af1adfe193f7beb91ddf708ff867a3f977ef2ec53c0ffb8283ab9f5"},
    {file = "numpy-1.24.2-cp38-cp38-manylinux_2_17_aarch64.manylinux2014_aarch64.whl", hash = "sha256:c29e6bd0ec49a44d7690ecb623a8eac5ab8a923bce0bea6293953992edf3a76a"},
    {file = "numpy-1.24.2-cp38-cp38-manylinux_2_17_x86_64.manylinux2014_x86_64.whl", hash = "sha256:2eabd64ddb96a1239791da78fa5f4e1693ae2dadc82a76bc76a14cbb2b966e96"},
    {file = "numpy-1.24.2-cp38-cp38-win32.whl", hash = "sha256:e3ab5d32784e843fc0dd3ab6dcafc67ef806e6b6828dc6af2f689be0eb4d781d"},
    {file = "numpy-1.24.2-cp38-cp38-win_amd64.whl", hash = "sha256:76807b4063f0002c8532cfeac47a3068a69561e9c8715efdad3c642eb27c0756"},
    {file = "numpy-1.24.2-cp39-cp39-macosx_10_9_x86_64.whl", hash = "sha256:4199e7cfc307a778f72d293372736223e39ec9ac096ff0a2e64853b866a8e18a"},
    {file = "numpy-1.24.2-cp39-cp39-macosx_11_0_arm64.whl", hash = "sha256:adbdce121896fd3a17a77ab0b0b5eedf05a9834a18699db6829a64e1dfccca7f"},
    {file = "numpy-1.24.2-cp39-cp39-manylinux_2_17_aarch64.manylinux2014_aarch64.whl", hash = "sha256:889b2cc88b837d86eda1b17008ebeb679d82875022200c6e8e4ce6cf549b7acb"},
    {file = "numpy-1.24.2-cp39-cp39-manylinux_2_17_x86_64.manylinux2014_x86_64.whl", hash = "sha256:f64bb98ac59b3ea3bf74b02f13836eb2e24e48e0ab0145bbda646295769bd780"},
    {file = "numpy-1.24.2-cp39-cp39-win32.whl", hash = "sha256:63e45511ee4d9d976637d11e6c9864eae50e12dc9598f531c035265991910468"},
    {file = "numpy-1.24.2-cp39-cp39-win_amd64.whl", hash = "sha256:a77d3e1163a7770164404607b7ba3967fb49b24782a6ef85d9b5f54126cc39e5"},
    {file = "numpy-1.24.2-pp38-pypy38_pp73-macosx_10_9_x86_64.whl", hash = "sha256:92011118955724465fb6853def593cf397b4a1367495e0b59a7e69d40c4eb71d"},
    {file = "numpy-1.24.2-pp38-pypy38_pp73-manylinux_2_17_x86_64.manylinux2014_x86_64.whl", hash = "sha256:f9006288bcf4895917d02583cf3411f98631275bc67cce355a7f39f8c14338fa"},
    {file = "numpy-1.24.2-pp38-pypy38_pp73-win_amd64.whl", hash = "sha256:150947adbdfeceec4e5926d956a06865c1c690f2fd902efede4ca6fe2e657c3f"},
    {file = "numpy-1.24.2.tar.gz", hash = "sha256:003a9f530e880cb2cd177cba1af7220b9aa42def9c4afc2a2fc3ee6be7eb2b22"},
]

[[package]]
name = "packaging"
version = "23.0"
description = "Core utilities for Python packages"
category = "main"
optional = false
python-versions = ">=3.7"
files = [
    {file = "packaging-23.0-py3-none-any.whl", hash = "sha256:714ac14496c3e68c99c29b00845f7a2b85f3bb6f1078fd9f72fd20f0570002b2"},
    {file = "packaging-23.0.tar.gz", hash = "sha256:b6ad297f8907de0fa2fe1ccbd26fdaf387f5f47c7275fedf8cce89f99446cf97"},
]

[[package]]
name = "pluggy"
version = "1.0.0"
description = "plugin and hook calling mechanisms for python"
category = "main"
optional = false
python-versions = ">=3.6"
files = [
    {file = "pluggy-1.0.0-py2.py3-none-any.whl", hash = "sha256:74134bbf457f031a36d68416e1509f34bd5ccc019f0bcc952c7b909d06b37bd3"},
    {file = "pluggy-1.0.0.tar.gz", hash = "sha256:4224373bacce55f955a878bf9cfa763c1e360858e330072059e10bad68531159"},
]

[package.extras]
dev = ["pre-commit", "tox"]
testing = ["pytest", "pytest-benchmark"]

[[package]]
name = "pydicom"
version = "2.3.1"
description = "A pure Python package for reading and writing DICOM data"
category = "main"
optional = false
python-versions = ">=3.6.1"
files = [
    {file = "pydicom-2.3.1-py3-none-any.whl", hash = "sha256:b00bacdabc1f8a18b61a08bb6cd0f41c419446531638c895a708c22a35d69cfe"},
    {file = "pydicom-2.3.1.tar.gz", hash = "sha256:655db29c21cb333a4f9dfffdeaa80995b1d3b89e98b66a16f5cc886e5b338028"},
]

[package.extras]
docs = ["matplotlib", "numpy", "numpydoc", "pillow", "sphinx", "sphinx-copybutton", "sphinx-gallery", "sphinx-rtd-theme", "sphinxcontrib-napoleon"]

[[package]]
name = "pytest"
version = "7.2.2"
description = "pytest: simple powerful testing with Python"
category = "main"
optional = false
python-versions = ">=3.7"
files = [
    {file = "pytest-7.2.2-py3-none-any.whl", hash = "sha256:130328f552dcfac0b1cec75c12e3f005619dc5f874f0a06e8ff7263f0ee6225e"},
    {file = "pytest-7.2.2.tar.gz", hash = "sha256:c99ab0c73aceb050f68929bc93af19ab6db0558791c6a0715723abe9d0ade9d4"},
]

[package.dependencies]
attrs = ">=19.2.0"
colorama = {version = "*", markers = "sys_platform == \"win32\""}
exceptiongroup = {version = ">=1.0.0rc8", markers = "python_version < \"3.11\""}
iniconfig = "*"
packaging = "*"
pluggy = ">=0.12,<2.0"
tomli = {version = ">=1.0.0", markers = "python_version < \"3.11\""}

[package.extras]
testing = ["argcomplete", "hypothesis (>=3.56)", "mock", "nose", "pygments (>=2.7.2)", "requests", "xmlschema"]

[[package]]
name = "ruff"
version = "0.0.254"
description = "An extremely fast Python linter, written in Rust."
category = "main"
optional = false
python-versions = ">=3.7"
files = [
    {file = "ruff-0.0.254-py3-none-macosx_10_7_x86_64.whl", hash = "sha256:dd58c500d039fb381af8d861ef456c3e94fd6855c3d267d6c6718c9a9fe07be0"},
    {file = "ruff-0.0.254-py3-none-macosx_10_9_x86_64.macosx_11_0_arm64.macosx_10_9_universal2.whl", hash = "sha256:688379050ae05394a6f9f9c8471587fd5dcf22149bd4304a4ede233cc4ef89a1"},
    {file = "ruff-0.0.254-py3-none-manylinux_2_17_aarch64.manylinux2014_aarch64.whl", hash = "sha256:ac1429be6d8bd3db0bf5becac3a38bd56f8421447790c50599cd90fd53417ec4"},
    {file = "ruff-0.0.254-py3-none-manylinux_2_17_armv7l.manylinux2014_armv7l.whl", hash = "sha256:059a380c08e849b6f312479b18cc63bba2808cff749ad71555f61dd930e3c9a2"},
    {file = "ruff-0.0.254-py3-none-manylinux_2_17_i686.manylinux2014_i686.whl", hash = "sha256:b3f15d5d033fd3dcb85d982d6828ddab94134686fac2c02c13a8822aa03e1321"},
    {file = "ruff-0.0.254-py3-none-manylinux_2_17_ppc64.manylinux2014_ppc64.whl", hash = "sha256:8deba44fd563361c488dedec90dc330763ee0c01ba54e17df54ef5820079e7e0"},
    {file = "ruff-0.0.254-py3-none-manylinux_2_17_ppc64le.manylinux2014_ppc64le.whl", hash = "sha256:ef20bf798ffe634090ad3dc2e8aa6a055f08c448810a2f800ab716cc18b80107"},
    {file = "ruff-0.0.254-py3-none-manylinux_2_17_s390x.manylinux2014_s390x.whl", hash = "sha256:0deb1d7226ea9da9b18881736d2d96accfa7f328c67b7410478cc064ad1fa6aa"},
    {file = "ruff-0.0.254-py3-none-manylinux_2_17_x86_64.manylinux2014_x86_64.whl", hash = "sha256:27d39d697fdd7df1f2a32c1063756ee269ad8d5345c471ee3ca450636d56e8c6"},
    {file = "ruff-0.0.254-py3-none-musllinux_1_2_aarch64.whl", hash = "sha256:2fc21d060a3197ac463596a97d9b5db2d429395938b270ded61dd60f0e57eb21"},
    {file = "ruff-0.0.254-py3-none-musllinux_1_2_armv7l.whl", hash = "sha256:f70dc93bc9db15cccf2ed2a831938919e3e630993eeea6aba5c84bc274237885"},
    {file = "ruff-0.0.254-py3-none-musllinux_1_2_i686.whl", hash = "sha256:09c764bc2bd80c974f7ce1f73a46092c286085355a5711126af351b9ae4bea0c"},
    {file = "ruff-0.0.254-py3-none-musllinux_1_2_x86_64.whl", hash = "sha256:d4385cdd30153b7aa1d8f75dfd1ae30d49c918ead7de07e69b7eadf0d5538a1f"},
    {file = "ruff-0.0.254-py3-none-win32.whl", hash = "sha256:c38291bda4c7b40b659e8952167f386e86ec29053ad2f733968ff1d78b4c7e15"},
    {file = "ruff-0.0.254-py3-none-win_amd64.whl", hash = "sha256:e15742df0f9a3615fbdc1ee9a243467e97e75bf88f86d363eee1ed42cedab1ec"},
    {file = "ruff-0.0.254-py3-none-win_arm64.whl", hash = "sha256:b435afc4d65591399eaf4b2af86e441a71563a2091c386cadf33eaa11064dc09"},
    {file = "ruff-0.0.254.tar.gz", hash = "sha256:0eb66c9520151d3bd950ea43b3a088618a8e4e10a5014a72687881e6f3606312"},
]

[[package]]
name = "simpleitk"
version = "2.2.1"
description = "SimpleITK is a simplified interface to the Insight Toolkit (ITK) for image registration and segmentation"
category = "main"
optional = false
python-versions = "*"
files = [
    {file = "SimpleITK-2.2.1-cp310-cp310-macosx_10_9_x86_64.whl", hash = "sha256:f386a83c20e70741a3e3f096a60ef6272d07e76ab0117dbea428db81581335cc"},
    {file = "SimpleITK-2.2.1-cp310-cp310-macosx_11_0_arm64.whl", hash = "sha256:00c1776185c339b50b4081d082d19124f479ded4f7153ffc2f9354761269b459"},
    {file = "SimpleITK-2.2.1-cp310-cp310-manylinux_2_17_aarch64.manylinux2014_aarch64.whl", hash = "sha256:5419582bc7a7a7f4b5d2540666c215800e388e8b99d1ee1c7c714cc009a7242a"},
    {file = "SimpleITK-2.2.1-cp310-cp310-manylinux_2_17_x86_64.manylinux2014_x86_64.whl", hash = "sha256:7f963a715eee2aed95cc9a0b7066231b0944f85e99f65cc0e216a15a291c4320"},
    {file = "SimpleITK-2.2.1-cp310-cp310-win_amd64.whl", hash = "sha256:740a8f1628e9f8f974acaf2ab49bd153fc4ea15db94ca4765e6c18edb2c86681"},
    {file = "SimpleITK-2.2.1-cp311-cp311-macosx_10_9_x86_64.whl", hash = "sha256:beb2081b912fae321be4c060ca2ff105edddf83bf6d5d3bd833f1801d23b773d"},
    {file = "SimpleITK-2.2.1-cp311-cp311-macosx_11_0_arm64.whl", hash = "sha256:498fedec0d12671933c4861b0674a2435df18a840abaef2e0810d08e3f9686cd"},
    {file = "SimpleITK-2.2.1-cp311-cp311-manylinux_2_17_aarch64.manylinux2014_aarch64.whl", hash = "sha256:ea705139755f1ef234239caa72bec400b8babf3c5b83d2164d68afaa18b61a2b"},
    {file = "SimpleITK-2.2.1-cp311-cp311-manylinux_2_17_x86_64.manylinux2014_x86_64.whl", hash = "sha256:9a19d1fadeb1c7ad6454e3a0b5dc375bcca8d2d84b25d9ca5bd9897cc26d7e22"},
    {file = "SimpleITK-2.2.1-cp311-cp311-win_amd64.whl", hash = "sha256:5da94685c6c082e567ac699786065b8b834c7c1fc92fbd7b2822e9f8e251b066"},
    {file = "SimpleITK-2.2.1-cp37-cp37m-macosx_10_9_x86_64.whl", hash = "sha256:d2615c8f87e2cfa215638ad6ab719215f8dc2981537da9528046d6c8bfc9d05d"},
    {file = "SimpleITK-2.2.1-cp37-cp37m-manylinux_2_17_aarch64.manylinux2014_aarch64.whl", hash = "sha256:97f85a0a51e5aaf1cc46318a039513081ebc74ccfb9030d03d2cfbca97844317"},
    {file = "SimpleITK-2.2.1-cp37-cp37m-manylinux_2_17_x86_64.manylinux2014_x86_64.whl", hash = "sha256:9b0f725a44974c697fec57137bda70a4801b8b3ffd0aa2c180b67452cd72093b"},
    {file = "SimpleITK-2.2.1-cp37-cp37m-win_amd64.whl", hash = "sha256:4878f5c032d638d7833901d8d3f79d4c6ed90d041d1fcc1b074dd6e4b7c9abc2"},
    {file = "SimpleITK-2.2.1-cp38-cp38-macosx_10_9_x86_64.whl", hash = "sha256:565723d39b836d91fcc1e78eb4e494c9dd22e2392df44548c64617656769f095"},
    {file = "SimpleITK-2.2.1-cp38-cp38-macosx_11_0_arm64.whl", hash = "sha256:3a2eafedbf99874019e00dfd2b5e94e15a7cf4c17f12d194678fc10c277f4d4c"},
    {file = "SimpleITK-2.2.1-cp38-cp38-manylinux_2_17_aarch64.manylinux2014_aarch64.whl", hash = "sha256:3b599f115cc6fcaf4222c75de47a1d9bb45a9e8aea554c532d5f1b2a61ff2695"},
    {file = "SimpleITK-2.2.1-cp38-cp38-manylinux_2_17_x86_64.manylinux2014_x86_64.whl", hash = "sha256:8e035e488880b10139680d6a796fab77735d6a868f34977f5ea9145b5bd88938"},
    {file = "SimpleITK-2.2.1-cp38-cp38-win_amd64.whl", hash = "sha256:56863d90ea3bddae86a83120a98b803007240a22c8de299946208327089c7581"},
    {file = "SimpleITK-2.2.1-cp39-cp39-macosx_10_9_x86_64.whl", hash = "sha256:e032bb2e54b96ce426187f07ce5dd9733077b18005399f6fbbcd4765b386299f"},
    {file = "SimpleITK-2.2.1-cp39-cp39-macosx_11_0_arm64.whl", hash = "sha256:3ffec97db30f923788f4e19b5a6e708d68afcce8f89cb54d7c976bd099b9a580"},
    {file = "SimpleITK-2.2.1-cp39-cp39-manylinux_2_17_aarch64.manylinux2014_aarch64.whl", hash = "sha256:d6f58cdf90dbd0b84be68e0b46545c92f28c650d86e9f24acb91ad1c27416357"},
    {file = "SimpleITK-2.2.1-cp39-cp39-manylinux_2_17_x86_64.manylinux2014_x86_64.whl", hash = "sha256:9b90dfd94cba0b068bacddaf2550d96df2683df830b9ee71cd9440e64c701196"},
    {file = "SimpleITK-2.2.1-cp39-cp39-win_amd64.whl", hash = "sha256:7e20bbc467a8fff15978fee34a97c851ec3d0caed2d01929f600a13a0ff2f955"},
]

[[package]]
name = "termcolor"
version = "2.2.0"
description = "ANSI color formatting for output in terminal"
category = "main"
optional = false
python-versions = ">=3.7"
files = [
    {file = "termcolor-2.2.0-py3-none-any.whl", hash = "sha256:91ddd848e7251200eac969846cbae2dacd7d71c2871e92733289e7e3666f48e7"},
    {file = "termcolor-2.2.0.tar.gz", hash = "sha256:dfc8ac3f350788f23b2947b3e6cfa5a53b630b612e6cd8965a015a776020b99a"},
]

[package.extras]
tests = ["pytest", "pytest-cov"]

[[package]]
name = "tomli"
version = "2.0.1"
description = "A lil' TOML parser"
category = "main"
optional = false
python-versions = ">=3.7"
files = [
    {file = "tomli-2.0.1-py3-none-any.whl", hash = "sha256:939de3e7a6161af0c887ef91b7d41a53e7c5a1ca976325f429cb46ea9bc30ecc"},
    {file = "tomli-2.0.1.tar.gz", hash = "sha256:de526c12914f0c550d15924c62d72abc48d6fe7364aa87328337a31007fe8a4f"},
]

[metadata]
lock-version = "2.0"
python-versions = "^3.9"
content-hash = "37dc78361edf7051d535d92778a9e390ab37f13e9557444fc81276e012a13c36"
